
Microsoft Visual Studio Solution File, Format Version 12.00
# Visual Studio Version 17
VisualStudioVersion = 17.10.35013.160
MinimumVisualStudioVersion = 10.0.40219.1
Project("{888888A0-9F3D-457C-B088-3A5042F75D52}") = "Python #4 --Contact Book", "Python #4 --Contact Book\Python #4 --Contact Book.pyproj", "{27D99098-D01F-44E7-86D3-24FD4E47E372}"
EndProject
Global
	GlobalSection(SolutionConfigurationPlatforms) = preSolution
		Debug|Any CPU = Debug|Any CPU
		Release|Any CPU = Release|Any CPU
	EndGlobalSection
	GlobalSection(ProjectConfigurationPlatforms) = postSolution
		{27D99098-D01F-44E7-86D3-24FD4E47E372}.Debug|Any CPU.ActiveCfg = Debug|Any CPU
		{27D99098-D01F-44E7-86D3-24FD4E47E372}.Release|Any CPU.ActiveCfg = Release|Any CPU
	EndGlobalSection
	GlobalSection(SolutionProperties) = preSolution
		HideSolutionNode = FALSE
	EndGlobalSection
	GlobalSection(ExtensibilityGlobals) = postSolution
		SolutionGuid = {68AFB2B4-6A38-4BAA-A23E-0935E1FCB2FC}
	EndGlobalSection
EndGlobal
